
Microsoft Visual Studio Solution File, Format Version 12.00
# Visual Studio 15
VisualStudioVersion = 15.0.27004.2010
MinimumVisualStudioVersion = 10.0.40219.1
Project("{8BC9CEB8-8B4A-11D0-8D11-00A0C91BC942}") = "filter", "Project2\Project2.vcxproj", "{538A9D14-4471-4269-AD5C-716CBB8BF0CC}"
EndProject
Project("{8BC9CEB8-8B4A-11D0-8D11-00A0C91BC942}") = "ppm", "ppm\ppm.vcxproj", "{7099E3B0-DBC5-42E6-8C6D-F96A628EDCE5}"
EndProject
Global
	GlobalSection(SolutionConfigurationPlatforms) = preSolution
		Debug|x64 = Debug|x64
		Debug|x86 = Debug|x86
		Release|x64 = Release|x64
		Release|x86 = Release|x86
	EndGlobalSection
	GlobalSection(ProjectConfigurationPlatforms) = postSolution
		{538A9D14-4471-4269-AD5C-716CBB8BF0CC}.Debug|x64.ActiveCfg = Debug|x64
		{538A9D14-4471-4269-AD5C-716CBB8BF0CC}.Debug|x64.Build.0 = Debug|x64
		{538A9D14-4471-4269-AD5C-716CBB8BF0CC}.Debug|x86.ActiveCfg = Debug|Win32
		{538A9D14-4471-4269-AD5C-716CBB8BF0CC}.Debug|x86.Build.0 = Debug|Win32
		{538A9D14-4471-4269-AD5C-716CBB8BF0CC}.Release|x64.ActiveCfg = Release|x64
		{538A9D14-4471-4269-AD5C-716CBB8BF0CC}.Release|x64.Build.0 = Release|x64
		{538A9D14-4471-4269-AD5C-716CBB8BF0CC}.Release|x86.ActiveCfg = Release|Win32
		{538A9D14-4471-4269-AD5C-716CBB8BF0CC}.Release|x86.Build.0 = Release|Win32
		{7099E3B0-DBC5-42E6-8C6D-F96A628EDCE5}.Debug|x64.ActiveCfg = Debug|x64
		{7099E3B0-DBC5-42E6-8C6D-F96A628EDCE5}.Debug|x64.Build.0 = Debug|x64
		{7099E3B0-DBC5-42E6-8C6D-F96A628EDCE5}.Debug|x86.ActiveCfg = Debug|Win32
		{7099E3B0-DBC5-42E6-8C6D-F96A628EDCE5}.Debug|x86.Build.0 = Debug|Win32
		{7099E3B0-DBC5-42E6-8C6D-F96A628EDCE5}.Release|x64.ActiveCfg = Release|x64
		{7099E3B0-DBC5-42E6-8C6D-F96A628EDCE5}.Release|x64.Build.0 = Release|x64
		{7099E3B0-DBC5-42E6-8C6D-F96A628EDCE5}.Release|x86.ActiveCfg = Release|Win32
		{7099E3B0-DBC5-42E6-8C6D-F96A628EDCE5}.Release|x86.Build.0 = Release|Win32
	EndGlobalSection
	GlobalSection(SolutionProperties) = preSolution
		HideSolutionNode = FALSE
	EndGlobalSection
	GlobalSection(ExtensibilityGlobals) = postSolution
		SolutionGuid = {7E074F57-3272-4FC4-9339-CB9949D714CA}
	EndGlobalSection
EndGlobal
